
Microsoft Visual Studio Solution File, Format Version 12.00
# Visual Studio Version 16
VisualStudioVersion = 16.0.28803.156
MinimumVisualStudioVersion = 10.0.40219.1
Project("{FAE04EC0-301F-11D3-BF4B-00C04F79EFBC}") = "H_Plus_Sports", "H_Plus_Sports\H_Plus_Sports.csproj", "{3DADBC7C-BDE2-41FE-8278-037C8EDA6206}"
EndProject
Project("{FAE04EC0-301F-11D3-BF4B-00C04F79EFBC}") = "H_Plus_Sports.Test", "H_Plus_Sports.Test\H_Plus_Sports.Test.csproj", "{172B4984-BC46-4A44-A638-58B1518C7FA6}"
EndProject
Project("{FAE04EC0-301F-11D3-BF4B-00C04F79EFBC}") = "H_Plus_Sports_Xunit.Tests", "H_Plus_Sports_Xunit.Tests\H_Plus_Sports_Xunit.Tests.csproj", "{9952BBF3-1728-4637-AF80-0DB7CE12989E}"
EndProject
Global
	GlobalSection(SolutionConfigurationPlatforms) = preSolution
		Debug|Any CPU = Debug|Any CPU
		Release|Any CPU = Release|Any CPU
	EndGlobalSection
	GlobalSection(ProjectConfigurationPlatforms) = postSolution
		{3DADBC7C-BDE2-41FE-8278-037C8EDA6206}.Debug|Any CPU.ActiveCfg = Debug|Any CPU
		{3DADBC7C-BDE2-41FE-8278-037C8EDA6206}.Debug|Any CPU.Build.0 = Debug|Any CPU
		{3DADBC7C-BDE2-41FE-8278-037C8EDA6206}.Release|Any CPU.ActiveCfg = Release|Any CPU
		{3DADBC7C-BDE2-41FE-8278-037C8EDA6206}.Release|Any CPU.Build.0 = Release|Any CPU
		{172B4984-BC46-4A44-A638-58B1518C7FA6}.Debug|Any CPU.ActiveCfg = Debug|Any CPU
		{172B4984-BC46-4A44-A638-58B1518C7FA6}.Debug|Any CPU.Build.0 = Debug|Any CPU
		{172B4984-BC46-4A44-A638-58B1518C7FA6}.Release|Any CPU.ActiveCfg = Release|Any CPU
		{172B4984-BC46-4A44-A638-58B1518C7FA6}.Release|Any CPU.Build.0 = Release|Any CPU
		{9952BBF3-1728-4637-AF80-0DB7CE12989E}.Debug|Any CPU.ActiveCfg = Debug|Any CPU
		{9952BBF3-1728-4637-AF80-0DB7CE12989E}.Debug|Any CPU.Build.0 = Debug|Any CPU
		{9952BBF3-1728-4637-AF80-0DB7CE12989E}.Release|Any CPU.ActiveCfg = Release|Any CPU
		{9952BBF3-1728-4637-AF80-0DB7CE12989E}.Release|Any CPU.Build.0 = Release|Any CPU
	EndGlobalSection
	GlobalSection(SolutionProperties) = preSolution
		HideSolutionNode = FALSE
	EndGlobalSection
	GlobalSection(ExtensibilityGlobals) = postSolution
		SolutionGuid = {228ADB49-A1C9-4404-B071-97579C74810D}
	EndGlobalSection
EndGlobal
